
Microsoft Visual Studio Solution File, Format Version 12.00
# Visual Studio Version 17
VisualStudioVersion = 17.7.34202.233
MinimumVisualStudioVersion = 10.0.40219.1
Project("{FAE04EC0-301F-11D3-BF4B-00C04F79EFBC}") = "HelloWorld", "HelloWorld\HelloWorld.csproj", "{121973C2-6D80-433C-8CEF-87D1A586F702}"
EndProject
Global
	GlobalSection(SolutionConfigurationPlatforms) = preSolution
		Debug|Any CPU = Debug|Any CPU
		Release|Any CPU = Release|Any CPU
	EndGlobalSection
	GlobalSection(ProjectConfigurationPlatforms) = postSolution
		{121973C2-6D80-433C-8CEF-87D1A586F702}.Debug|Any CPU.ActiveCfg = Debug|Any CPU
		{121973C2-6D80-433C-8CEF-87D1A586F702}.Debug|Any CPU.Build.0 = Debug|Any CPU
		{121973C2-6D80-433C-8CEF-87D1A586F702}.Release|Any CPU.ActiveCfg = Release|Any CPU
		{121973C2-6D80-433C-8CEF-87D1A586F702}.Release|Any CPU.Build.0 = Release|Any CPU
	EndGlobalSection
	GlobalSection(SolutionProperties) = preSolution
		HideSolutionNode = FALSE
	EndGlobalSection
	GlobalSection(ExtensibilityGlobals) = postSolution
		SolutionGuid = {05B1D99C-DB59-4462-AF1A-818B4645AF74}
	EndGlobalSection
EndGlobal
